// !$*UTF8*$!
{
	archiveVersion = 1;
	classes = {
	};
	objectVersion = 50;
	objects = {

/* Begin PBXBuildFile section */
		6ED386F52486D5C300830A64 /* AppDelegate.swift in Sources */ = {isa = PBXBuildFile; fileRef = 6ED386F42486D5C300830A64 /* AppDelegate.swift */; };
		6ED386F72486D5C300830A64 /* SceneDelegate.swift in Sources */ = {isa = PBXBuildFile; fileRef = 6ED386F62486D5C300830A64 /* SceneDelegate.swift */; };
		6ED386F92486D5C300830A64 /* ViewController.swift in Sources */ = {isa = PBXBuildFile; fileRef = 6ED386F82486D5C300830A64 /* ViewController.swift */; };
		6ED386FC2486D5C300830A64 /* Main.storyboard in Resources */ = {isa = PBXBuildFile; fileRef = 6ED386FA2486D5C300830A64 /* Main.storyboard */; };
		6ED386FE2486D5C500830A64 /* Assets.xcassets in Resources */ = {isa = PBXBuildFile; fileRef = 6ED386FD2486D5C500830A64 /* Assets.xcassets */; };
		6ED387012486D5C500830A64 /* LaunchScreen.storyboard in Resources */ = {isa = PBXBuildFile; fileRef = 6ED386FF2486D5C500830A64 /* LaunchScreen.storyboard */; };
		6ED3870C2486D5C500830A64 /* PrestoQ_AssignmentTests.swift in Sources */ = {isa = PBXBuildFile; fileRef = 6ED3870B2486D5C500830A64 /* PrestoQ_AssignmentTests.swift */; };
		6ED387172486D5C500830A64 /* PrestoQ_AssignmentUITests.swift in Sources */ = {isa = PBXBuildFile; fileRef = 6ED387162486D5C500830A64 /* PrestoQ_AssignmentUITests.swift */; };
/* End PBXBuildFile section */

/* Begin PBXContainerItemProxy section */
		6ED387082486D5C500830A64 /* PBXContainerItemProxy */ = {
			isa = PBXContainerItemProxy;
			containerPortal = 6ED386E92486D5C300830A64 /* Project object */;
			proxyType = 1;
			remoteGlobalIDString = 6ED386F02486D5C300830A64;
			remoteInfo = PrestoQ_Assignment;
		};
		6ED387132486D5C500830A64 /* PBXContainerItemProxy */ = {
			isa = PBXContainerItemProxy;
			containerPortal = 6ED386E92486D5C300830A64 /* Project object */;
			proxyType = 1;
			remoteGlobalIDString = 6ED386F02486D5C300830A64;
			remoteInfo = PrestoQ_Assignment;
		};
/* End PBXContainerItemProxy section */

/* Begin PBXFileReference section */
		6ED386F12486D5C300830A64 /* PrestoQ_Assignment.app */ = {isa = PBXFileReference; explicitFileType = wrapper.application; includeInIndex = 0; path = PrestoQ_Assignment.app; sourceTree = BUILT_PRODUCTS_DIR; };
		6ED386F42486D5C300830A64 /* AppDelegate.swift */ = {isa = PBXFileReference; lastKnownFileType = sourcecode.swift; path = AppDelegate.swift; sourceTree = "<group>"; };
		6ED386F62486D5C300830A64 /* SceneDelegate.swift */ = {isa = PBXFileReference; lastKnownFileType = sourcecode.swift; path = SceneDelegate.swift; sourceTree = "<group>"; };
		6ED386F82486D5C300830A64 /* ViewController.swift */ = {isa = PBXFileReference; lastKnownFileType = sourcecode.swift; path = ViewController.swift; sourceTree = "<group>"; };
		6ED386FB2486D5C300830A64 /* Base */ = {isa = PBXFileReference; lastKnownFileType = file.storyboard; name = Base; path = Base.lproj/Main.storyboard; sourceTree = "<group>"; };
		6ED386FD2486D5C500830A64 /* Assets.xcassets */ = {isa = PBXFileReference; lastKnownFileType = folder.assetcatalog; path = Assets.xcassets; sourceTree = "<group>"; };
		6ED387002486D5C500830A64 /* Base */ = {isa = PBXFileReference; lastKnownFileType = file.storyboard; name = Base; path = Base.lproj/LaunchScreen.storyboard; sourceTree = "<group>"; };
		6ED387022486D5C500830A64 /* Info.plist */ = {isa = PBXFileReference; lastKnownFileType = text.plist.xml; path = Info.plist; sourceTree = "<group>"; };
		6ED387072486D5C500830A64 /* PrestoQ_AssignmentTests.xctest */ = {isa = PBXFileReference; explicitFileType = wrapper.cfbundle; includeInIndex = 0; path = PrestoQ_AssignmentTests.xctest; sourceTree = BUILT_PRODUCTS_DIR; };
		6ED3870B2486D5C500830A64 /* PrestoQ_AssignmentTests.swift */ = {isa = PBXFileReference; lastKnownFileType = sourcecode.swift; path = PrestoQ_AssignmentTests.swift; sourceTree = "<group>"; };
		6ED3870D2486D5C500830A64 /* Info.plist */ = {isa = PBXFileReference; lastKnownFileType = text.plist.xml; path = Info.plist; sourceTree = "<group>"; };
		6ED387122486D5C500830A64 /* PrestoQ_AssignmentUITests.xctest */ = {isa = PBXFileReference; explicitFileType = wrapper.cfbundle; includeInIndex = 0; path = PrestoQ_AssignmentUITests.xctest; sourceTree = BUILT_PRODUCTS_DIR; };
		6ED387162486D5C500830A64 /* PrestoQ_AssignmentUITests.swift */ = {isa = PBXFileReference; lastKnownFileType = sourcecode.swift; path = PrestoQ_AssignmentUITests.swift; sourceTree = "<group>"; };
		6ED387182486D5C500830A64 /* Info.plist */ = {isa = PBXFileReference; lastKnownFileType = text.plist.xml; path = Info.plist; sourceTree = "<group>"; };
/* End PBXFileReference section */

/* Begin PBXFrameworksBuildPhase section */
		6ED386EE2486D5C300830A64 /* Frameworks */ = {
			isa = PBXFrameworksBuildPhase;
			buildActionMask = 2147483647;
			files = (
			);
			runOnlyForDeploymentPostprocessing = 0;
		};
		6ED387042486D5C500830A64 /* Frameworks */ = {
			isa = PBXFrameworksBuildPhase;
			buildActionMask = 2147483647;
			files = (
			);
			runOnlyForDeploymentPostprocessing = 0;
		};
		6ED3870F2486D5C500830A64 /* Frameworks */ = {
			isa = PBXFrameworksBuildPhase;
			buildActionMask = 2147483647;
			files = (
			);
			runOnlyForDeploymentPostprocessing = 0;
		};
/* End PBXFrameworksBuildPhase section */

/* Begin PBXGroup section */
		6ED386E82486D5C300830A64 = {
			isa = PBXGroup;
			children = (
				6ED386F32486D5C300830A64 /* PrestoQ_Assignment */,
				6ED3870A2486D5C500830A64 /* PrestoQ_AssignmentTests */,
				6ED387152486D5C500830A64 /* PrestoQ_AssignmentUITests */,
				6ED386F22486D5C300830A64 /* Products */,
			);
			sourceTree = "<group>";
		};
		6ED386F22486D5C300830A64 /* Products */ = {
			isa = PBXGroup;
			children = (
				6ED386F12486D5C300830A64 /* PrestoQ_Assignment.app */,
				6ED387072486D5C500830A64 /* PrestoQ_AssignmentTests.xctest */,
				6ED387122486D5C500830A64 /* PrestoQ_AssignmentUITests.xctest */,
			);
			name = Products;
			sourceTree = "<group>";
		};
		6ED386F32486D5C300830A64 /* PrestoQ_Assignment */ = {
			isa = PBXGroup;
			children = (
				6ED386F42486D5C300830A64 /* AppDelegate.swift */,
				6ED386F62486D5C300830A64 /* SceneDelegate.swift */,
				6ED386F82486D5C300830A64 /* ViewController.swift */,
				6ED386FA2486D5C300830A64 /* Main.storyboard */,
				6ED386FD2486D5C500830A64 /* Assets.xcassets */,
				6ED386FF2486D5C500830A64 /* LaunchScreen.storyboard */,
				6ED387022486D5C500830A64 /* Info.plist */,
			);
			path = PrestoQ_Assignment;
			sourceTree = "<group>";
		};
		6ED3870A2486D5C500830A64 /* PrestoQ_AssignmentTests */ = {
			isa = PBXGroup;
			children = (
				6ED3870B2486D5C500830A64 /* PrestoQ_AssignmentTests.swift */,
				6ED3870D2486D5C500830A64 /* Info.plist */,
			);
			path = PrestoQ_AssignmentTests;
			sourceTree = "<group>";
		};
		6ED387152486D5C500830A64 /* PrestoQ_AssignmentUITests */ = {
			isa = PBXGroup;
			children = (
				6ED387162486D5C500830A64 /* PrestoQ_AssignmentUITests.swift */,
				6ED387182486D5C500830A64 /* Info.plist */,
			);
			path = PrestoQ_AssignmentUITests;
			sourceTree = "<group>";
		};
/* End PBXGroup section */

/* Begin PBXNativeTarget section */
		6ED386F02486D5C300830A64 /* PrestoQ_Assignment */ = {
			isa = PBXNativeTarget;
			buildConfigurationList = 6ED3871B2486D5C500830A64 /* Build configuration list for PBXNativeTarget "PrestoQ_Assignment" */;
			buildPhases = (
				6ED386ED2486D5C300830A64 /* Sources */,
				6ED386EE2486D5C300830A64 /* Frameworks */,
				6ED386EF2486D5C300830A64 /* Resources */,
			);
			buildRules = (
			);
			dependencies = (
			);
			name = PrestoQ_Assignment;
			productName = PrestoQ_Assignment;
			productReference = 6ED386F12486D5C300830A64 /* PrestoQ_Assignment.app */;
			productType = "com.apple.product-type.application";
		};
		6ED387062486D5C500830A64 /* PrestoQ_AssignmentTests */ = {
			isa = PBXNativeTarget;
			buildConfigurationList = 6ED3871E2486D5C500830A64 /* Build configuration list for PBXNativeTarget "PrestoQ_AssignmentTests" */;
			buildPhases = (
				6ED387032486D5C500830A64 /* Sources */,
				6ED387042486D5C500830A64 /* Frameworks */,
				6ED387052486D5C500830A64 /* Resources */,
			);
			buildRules = (
			);
			dependencies = (
				6ED387092486D5C500830A64 /* PBXTargetDependency */,
			);
			name = PrestoQ_AssignmentTests;
			productName = PrestoQ_AssignmentTests;
			productReference = 6ED387072486D5C500830A64 /* PrestoQ_AssignmentTests.xctest */;
			productType = "com.apple.product-type.bundle.unit-test";
		};
		6ED387112486D5C500830A64 /* PrestoQ_AssignmentUITests */ = {
			isa = PBXNativeTarget;
			buildConfigurationList = 6ED387212486D5C500830A64 /* Build configuration list for PBXNativeTarget "PrestoQ_AssignmentUITests" */;
			buildPhases = (
				6ED3870E2486D5C500830A64 /* Sources */,
				6ED3870F2486D5C500830A64 /* Frameworks */,
				6ED387102486D5C500830A64 /* Resources */,
			);
			buildRules = (
			);
			dependencies = (
				6ED387142486D5C500830A64 /* PBXTargetDependency */,
			);
			name = PrestoQ_AssignmentUITests;
			productName = PrestoQ_AssignmentUITests;
			productReference = 6ED387122486D5C500830A64 /* PrestoQ_AssignmentUITests.xctest */;
			productType = "com.apple.product-type.bundle.ui-testing";
		};
/* End PBXNativeTarget section */

/* Begin PBXProject section */
		6ED386E92486D5C300830A64 /* Project object */ = {
			isa = PBXProject;
			attributes = {
				LastSwiftUpdateCheck = 1150;
				LastUpgradeCheck = 1150;
				ORGANIZATIONNAME = "Arun Kumar";
				TargetAttributes = {
					6ED386F02486D5C300830A64 = {
						CreatedOnToolsVersion = 11.5;
					};
					6ED387062486D5C500830A64 = {
						CreatedOnToolsVersion = 11.5;
						TestTargetID = 6ED386F02486D5C300830A64;
					};
					6ED387112486D5C500830A64 = {
						CreatedOnToolsVersion = 11.5;
						TestTargetID = 6ED386F02486D5C300830A64;
					};
				};
			};
			buildConfigurationList = 6ED386EC2486D5C300830A64 /* Build configuration list for PBXProject "PrestoQ_Assignment" */;
			compatibilityVersion = "Xcode 9.3";
			developmentRegion = en;
			hasScannedForEncodings = 0;
			knownRegions = (
				en,
				Base,
			);
			mainGroup = 6ED386E82486D5C300830A64;
			productRefGroup = 6ED386F22486D5C300830A64 /* Products */;
			projectDirPath = "";
			projectRoot = "";
			targets = (
				6ED386F02486D5C300830A64 /* PrestoQ_Assignment */,
				6ED387062486D5C500830A64 /* PrestoQ_AssignmentTests */,
				6ED387112486D5C500830A64 /* PrestoQ_AssignmentUITests */,
			);
		};
/* End PBXProject section */

/* Begin PBXResourcesBuildPhase section */
		6ED386EF2486D5C300830A64 /* Resources */ = {
			isa = PBXResourcesBuildPhase;
			buildActionMask = 2147483647;
			files = (
				6ED387012486D5C500830A64 /* LaunchScreen.storyboard in Resources */,
				6ED386FE2486D5C500830A64 /* Assets.xcassets in Resources */,
				6ED386FC2486D5C300830A64 /* Main.storyboard in Resources */,
			);
			runOnlyForDeploymentPostprocessing = 0;
		};
		6ED387052486D5C500830A64 /* Resources */ = {
			isa = PBXResourcesBuildPhase;
			buildActionMask = 2147483647;
			files = (
			);
			runOnlyForDeploymentPostprocessing = 0;
		};
		6ED387102486D5C500830A64 /* Resources */ = {
			isa = PBXResourcesBuildPhase;
			buildActionMask = 2147483647;
			files = (
			);
			runOnlyForDeploymentPostprocessing = 0;
		};
/* End PBXResourcesBuildPhase section */

/* Begin PBXSourcesBuildPhase section */
		6ED386ED2486D5C300830A64 /* Sources */ = {
			isa = PBXSourcesBuildPhase;
			buildActionMask = 2147483647;
			files = (
				6ED386F92486D5C300830A64 /* ViewController.swift in Sources */,
				6ED386F52486D5C300830A64 /* AppDelegate.swift in Sources */,
				6ED386F72486D5C300830A64 /* SceneDelegate.swift in Sources */,
			);
			runOnlyForDeploymentPostprocessing = 0;
		};
		6ED387032486D5C500830A64 /* Sources */ = {
			isa = PBXSourcesBuildPhase;
			buildActionMask = 2147483647;
			files = (
				6ED3870C2486D5C500830A64 /* PrestoQ_AssignmentTests.swift in Sources */,
			);
			runOnlyForDeploymentPostprocessing = 0;
		};
		6ED3870E2486D5C500830A64 /* Sources */ = {
			isa = PBXSourcesBuildPhase;
			buildActionMask = 2147483647;
			files = (
				6ED387172486D5C500830A64 /* PrestoQ_AssignmentUITests.swift in Sources */,
			);
			runOnlyForDeploymentPostprocessing = 0;
		};
/* End PBXSourcesBuildPhase section */

/* Begin PBXTargetDependency section */
		6ED387092486D5C500830A64 /* PBXTargetDependency */ = {
			isa = PBXTargetDependency;
			target = 6ED386F02486D5C300830A64 /* PrestoQ_Assignment */;
			targetProxy = 6ED387082486D5C500830A64 /* PBXContainerItemProxy */;
		};
		6ED387142486D5C500830A64 /* PBXTargetDependency */ = {
			isa = PBXTargetDependency;
			target = 6ED386F02486D5C300830A64 /* PrestoQ_Assignment */;
			targetProxy = 6ED387132486D5C500830A64 /* PBXContainerItemProxy */;
		};
/* End PBXTargetDependency section */

/* Begin PBXVariantGroup section */
		6ED386FA2486D5C300830A64 /* Main.storyboard */ = {
			isa = PBXVariantGroup;
			children = (
				6ED386FB2486D5C300830A64 /* Base */,
			);
			name = Main.storyboard;
			sourceTree = "<group>";
		};
		6ED386FF2486D5C500830A64 /* LaunchScreen.storyboard */ = {
			isa = PBXVariantGroup;
			children = (
				6ED387002486D5C500830A64 /* Base */,
			);
			name = LaunchScreen.storyboard;
			sourceTree = "<group>";
		};
/* End PBXVariantGroup section */

/* Begin XCBuildConfiguration section */
		6ED387192486D5C500830A64 /* Debug */ = {
			isa = XCBuildConfiguration;
			buildSettings = {
				ALWAYS_SEARCH_USER_PATHS = NO;
				CLANG_ANALYZER_NONNULL = YES;
				CLANG_ANALYZER_NUMBER_OBJECT_CONVERSION = YES_AGGRESSIVE;
				CLANG_CXX_LANGUAGE_STANDARD = "gnu++14";
				CLANG_CXX_LIBRARY = "libc++";
				CLANG_ENABLE_MODULES = YES;
				CLANG_ENABLE_OBJC_ARC = YES;
				CLANG_ENABLE_OBJC_WEAK = YES;
				CLANG_WARN_BLOCK_CAPTURE_AUTORELEASING = YES;
				CLANG_WARN_BOOL_CONVERSION = YES;
				CLANG_WARN_COMMA = YES;
				CLANG_WARN_CONSTANT_CONVERSION = YES;
				CLANG_WARN_DEPRECATED_OBJC_IMPLEMENTATIONS = YES;
				CLANG_WARN_DIRECT_OBJC_ISA_USAGE = YES_ERROR;
				CLANG_WARN_DOCUMENTATION_COMMENTS = YES;
				CLANG_WARN_EMPTY_BODY = YES;
				CLANG_WARN_ENUM_CONVERSION = YES;
				CLANG_WARN_INFINITE_RECURSION = YES;
				CLANG_WARN_INT_CONVERSION = YES;
				CLANG_WARN_NON_LITERAL_NULL_CONVERSION = YES;
				CLANG_WARN_OBJC_IMPLICIT_RETAIN_SELF = YES;
				CLANG_WARN_OBJC_LITERAL_CONVERSION = YES;
				CLANG_WARN_OBJC_ROOT_CLASS = YES_ERROR;
				CLANG_WARN_RANGE_LOOP_ANALYSIS = YES;
				CLANG_WARN_STRICT_PROTOTYPES = YES;
				CLANG_WARN_SUSPICIOUS_MOVE = YES;
				CLANG_WARN_UNGUARDED_AVAILABILITY = YES_AGGRESSIVE;
				CLANG_WARN_UNREACHABLE_CODE = YES;
				CLANG_WARN__DUPLICATE_METHOD_MATCH = YES;
				COPY_PHASE_STRIP = NO;
				DEBUG_INFORMATION_FORMAT = dwarf;
				ENABLE_STRICT_OBJC_MSGSEND = YES;
				ENABLE_TESTABILITY = YES;
				GCC_C_LANGUAGE_STANDARD = gnu11;
				GCC_DYNAMIC_NO_PIC = NO;
				GCC_NO_COMMON_BLOCKS = YES;
				GCC_OPTIMIZATION_LEVEL = 0;
				GCC_PREPROCESSOR_DEFINITIONS = (
					"DEBUG=1",
					"$(inherited)",
				);
				GCC_WARN_64_TO_32_BIT_CONVERSION = YES;
				GCC_WARN_ABOUT_RETURN_TYPE = YES_ERROR;
				GCC_WARN_UNDECLARED_SELECTOR = YES;
				GCC_WARN_UNINITIALIZED_AUTOS = YES_AGGRESSIVE;
				GCC_WARN_UNUSED_FUNCTION = YES;
				GCC_WARN_UNUSED_VARIABLE = YES;
				IPHONEOS_DEPLOYMENT_TARGET = 13.5;
				MTL_ENABLE_DEBUG_INFO = INCLUDE_SOURCE;
				MTL_FAST_MATH = YES;
				ONLY_ACTIVE_ARCH = YES;
				SDKROOT = iphoneos;
				SWIFT_ACTIVE_COMPILATION_CONDITIONS = DEBUG;
				SWIFT_OPTIMIZATION_LEVEL = "-Onone";
			};
			name = Debug;
		};
		6ED3871A2486D5C500830A64 /* Release */ = {
			isa = XCBuildConfiguration;
			buildSettings = {
				ALWAYS_SEARCH_USER_PATHS = NO;
				CLANG_ANALYZER_NONNULL = YES;
				CLANG_ANALYZER_NUMBER_OBJECT_CONVERSION = YES_AGGRESSIVE;
				CLANG_CXX_LANGUAGE_STANDARD = "gnu++14";
				CLANG_CXX_LIBRARY = "libc++";
				CLANG_ENABLE_MODULES = YES;
				CLANG_ENABLE_OBJC_ARC = YES;
				CLANG_ENABLE_OBJC_WEAK = YES;
				CLANG_WARN_BLOCK_CAPTURE_AUTORELEASING = YES;
				CLANG_WARN_BOOL_CONVERSION = YES;
				CLANG_WARN_COMMA = YES;
				CLANG_WARN_CONSTANT_CONVERSION = YES;
				CLANG_WARN_DEPRECATED_OBJC_IMPLEMENTATIONS = YES;
				CLANG_WARN_DIRECT_OBJC_ISA_USAGE = YES_ERROR;
				CLANG_WARN_DOCUMENTATION_COMMENTS = YES;
				CLANG_WARN_EMPTY_BODY = YES;
				CLANG_WARN_ENUM_CONVERSION = YES;
				CLANG_WARN_INFINITE_RECURSION = YES;
				CLANG_WARN_INT_CONVERSION = YES;
				CLANG_WARN_NON_LITERAL_NULL_CONVERSION = YES;
				CLANG_WARN_OBJC_IMPLICIT_RETAIN_SELF = YES;
				CLANG_WARN_OBJC_LITERAL_CONVERSION = YES;
				CLANG_WARN_OBJC_ROOT_CLASS = YES_ERROR;
				CLANG_WARN_RANGE_LOOP_ANALYSIS = YES;
				CLANG_WARN_STRICT_PROTOTYPES = YES;
				CLANG_WARN_SUSPICIOUS_MOVE = YES;
				CLANG_WARN_UNGUARDED_AVAILABILITY = YES_AGGRESSIVE;
				CLANG_WARN_UNREACHABLE_CODE = YES;
				CLANG_WARN__DUPLICATE_METHOD_MATCH = YES;
				COPY_PHASE_STRIP = NO;
				DEBUG_INFORMATION_FORMAT = "dwarf-with-dsym";
				ENABLE_NS_ASSERTIONS = NO;
				ENABLE_STRICT_OBJC_MSGSEND = YES;
				GCC_C_LANGUAGE_STANDARD = gnu11;
				GCC_NO_COMMON_BLOCKS = YES;
				GCC_WARN_64_TO_32_BIT_CONVERSION = YES;
				GCC_WARN_ABOUT_RETURN_TYPE = YES_ERROR;
				GCC_WARN_UNDECLARED_SELECTOR = YES;
				GCC_WARN_UNINITIALIZED_AUTOS = YES_AGGRESSIVE;
				GCC_WARN_UNUSED_FUNCTION = YES;
				GCC_WARN_UNUSED_VARIABLE = YES;
				IPHONEOS_DEPLOYMENT_TARGET = 13.5;
				MTL_ENABLE_DEBUG_INFO = NO;
				MTL_FAST_MATH = YES;
				SDKROOT = iphoneos;
				SWIFT_COMPILATION_MODE = wholemodule;
				SWIFT_OPTIMIZATION_LEVEL = "-O";
				VALIDATE_PRODUCT = YES;
			};
			name = Release;
		};
		6ED3871C2486D5C500830A64 /* Debug */ = {
			isa = XCBuildConfiguration;
			buildSettings = {
				ASSETCATALOG_COMPILER_APPICON_NAME = AppIcon;
				CODE_SIGN_STYLE = Automatic;
				DEVELOPMENT_TEAM = FU752586Y6;
				INFOPLIST_FILE = PrestoQ_Assignment/Info.plist;
				LD_RUNPATH_SEARCH_PATHS = (
					"$(inherited)",
					"@executable_path/Frameworks",
				);
				PRODUCT_BUNDLE_IDENTIFIER = "arun.personal.project.PrestoQ-Assignment";
				PRODUCT_NAME = "$(TARGET_NAME)";
				SWIFT_VERSION = 5.0;
				TARGETED_DEVICE_FAMILY = "1,2";
			};
			name = Debug;
		};
		6ED3871D2486D5C500830A64 /* Release */ = {
			isa = XCBuildConfiguration;
			buildSettings = {
				ASSETCATALOG_COMPILER_APPICON_NAME = AppIcon;
				CODE_SIGN_STYLE = Automatic;
				DEVELOPMENT_TEAM = FU752586Y6;
				INFOPLIST_FILE = PrestoQ_Assignment/Info.plist;
				LD_RUNPATH_SEARCH_PATHS = (
					"$(inherited)",
					"@executable_path/Frameworks",
				);
				PRODUCT_BUNDLE_IDENTIFIER = "arun.personal.project.PrestoQ-Assignment";
				PRODUCT_NAME = "$(TARGET_NAME)";
				SWIFT_VERSION = 5.0;
				TARGETED_DEVICE_FAMILY = "1,2";
			};
			name = Release;
		};
		6ED3871F2486D5C500830A64 /* Debug */ = {
			isa = XCBuildConfiguration;
			buildSettings = {
				ALWAYS_EMBED_SWIFT_STANDARD_LIBRARIES = YES;
				BUNDLE_LOADER = "$(TEST_HOST)";
				CODE_SIGN_STYLE = Automatic;
				DEVELOPMENT_TEAM = FU752586Y6;
				INFOPLIST_FILE = PrestoQ_AssignmentTests/Info.plist;
				IPHONEOS_DEPLOYMENT_TARGET = 13.5;
				LD_RUNPATH_SEARCH_PATHS = (
					"$(inherited)",
					"@executable_path/Frameworks",
					"@loader_path/Frameworks",
				);
				PRODUCT_BUNDLE_IDENTIFIER = "arun.personal.project.PrestoQ-AssignmentTests";
				PRODUCT_NAME = "$(TARGET_NAME)";
				SWIFT_VERSION = 5.0;
				TARGETED_DEVICE_FAMILY = "1,2";
				TEST_HOST = "$(BUILT_PRODUCTS_DIR)/PrestoQ_Assignment.app/PrestoQ_Assignment";
			};
			name = Debug;
		};
		6ED387202486D5C500830A64 /* Release */ = {
			isa = XCBuildConfiguration;
			buildSettings = {
				ALWAYS_EMBED_SWIFT_STANDARD_LIBRARIES = YES;
				BUNDLE_LOADER = "$(TEST_HOST)";
				CODE_SIGN_STYLE = Automatic;
				DEVELOPMENT_TEAM = FU752586Y6;
				INFOPLIST_FILE = PrestoQ_AssignmentTests/Info.plist;
				IPHONEOS_DEPLOYMENT_TARGET = 13.5;
				LD_RUNPATH_SEARCH_PATHS = (
					"$(inherited)",
					"@executable_path/Frameworks",
					"@loader_path/Frameworks",
				);
				PRODUCT_BUNDLE_IDENTIFIER = "arun.personal.project.PrestoQ-AssignmentTests";
				PRODUCT_NAME = "$(TARGET_NAME)";
				SWIFT_VERSION = 5.0;
				TARGETED_DEVICE_FAMILY = "1,2";
				TEST_HOST = "$(BUILT_PRODUCTS_DIR)/PrestoQ_Assignment.app/PrestoQ_Assignment";
			};
			name = Release;
		};
		6ED387222486D5C500830A64 /* Debug */ = {
			isa = XCBuildConfiguration;
			buildSettings = {
				ALWAYS_EMBED_SWIFT_STANDARD_LIBRARIES = YES;
				CODE_SIGN_STYLE = Automatic;
				DEVELOPMENT_TEAM = FU752586Y6;
				INFOPLIST_FILE = PrestoQ_AssignmentUITests/Info.plist;
				LD_RUNPATH_SEARCH_PATHS = (
					"$(inherited)",
					"@executable_path/Frameworks",
					"@loader_path/Frameworks",
				);
				PRODUCT_BUNDLE_IDENTIFIER = "arun.personal.project.PrestoQ-AssignmentUITests";
				PRODUCT_NAME = "$(TARGET_NAME)";
				SWIFT_VERSION = 5.0;
				TARGETED_DEVICE_FAMILY = "1,2";
				TEST_TARGET_NAME = PrestoQ_Assignment;
			};
			name = Debug;
		};
		6ED387232486D5C500830A64 /* Release */ = {
			isa = XCBuildConfiguration;
			buildSettings = {
				ALWAYS_EMBED_SWIFT_STANDARD_LIBRARIES = YES;
				CODE_SIGN_STYLE = Automatic;
				DEVELOPMENT_TEAM = FU752586Y6;
				INFOPLIST_FILE = PrestoQ_AssignmentUITests/Info.plist;
				LD_RUNPATH_SEARCH_PATHS = (
					"$(inherited)",
					"@executable_path/Frameworks",
					"@loader_path/Frameworks",
				);
				PRODUCT_BUNDLE_IDENTIFIER = "arun.personal.project.PrestoQ-AssignmentUITests";
				PRODUCT_NAME = "$(TARGET_NAME)";
				SWIFT_VERSION = 5.0;
				TARGETED_DEVICE_FAMILY = "1,2";
				TEST_TARGET_NAME = PrestoQ_Assignment;
			};
			name = Release;
		};
/* End XCBuildConfiguration section */

/* Begin XCConfigurationList section */
		6ED386EC2486D5C300830A64 /* Build configuration list for PBXProject "PrestoQ_Assignment" */ = {
			isa = XCConfigurationList;
			buildConfigurations = (
				6ED387192486D5C500830A64 /* Debug */,
				6ED3871A2486D5C500830A64 /* Release */,
			);
			defaultConfigurationIsVisible = 0;
			defaultConfigurationName = Release;
		};
		6ED3871B2486D5C500830A64 /* Build configuration list for PBXNativeTarget "PrestoQ_Assignment" */ = {
			isa = XCConfigurationList;
			buildConfigurations = (
				6ED3871C2486D5C500830A64 /* Debug */,
				6ED3871D2486D5C500830A64 /* Release */,
			);
			defaultConfigurationIsVisible = 0;
			defaultConfigurationName = Release;
		};
		6ED3871E2486D5C500830A64 /* Build configuration list for PBXNativeTarget "PrestoQ_AssignmentTests" */ = {
			isa = XCConfigurationList;
			buildConfigurations = (
				6ED3871F2486D5C500830A64 /* Debug */,
				6ED387202486D5C500830A64 /* Release */,
			);
			defaultConfigurationIsVisible = 0;
			defaultConfigurationName = Release;
		};
		6ED387212486D5C500830A64 /* Build configuration list for PBXNativeTarget "PrestoQ_AssignmentUITests" */ = {
			isa = XCConfigurationList;
			buildConfigurations = (
				6ED387222486D5C500830A64 /* Debug */,
				6ED387232486D5C500830A64 /* Release */,
			);
			defaultConfigurationIsVisible = 0;
			defaultConfigurationName = Release;
		};
/* End XCConfigurationList section */
	};
	rootObject = 6ED386E92486D5C300830A64 /* Project object */;
}
